// !$*UTF8*$!
{
	archiveVersion = 1;
	classes = {
	};
	objectVersion = 46;
	objects = {

/* Begin PBXBuildFile section */
		249196CC1DA8CDEF00DB604F /* AppDelegate.swift in Sources */ = {isa = PBXBuildFile; fileRef = 249196CB1DA8CDEF00DB604F /* AppDelegate.swift */; };
		249196CE1DA8CDEF00DB604F /* ViewController.swift in Sources */ = {isa = PBXBuildFile; fileRef = 249196CD1DA8CDEF00DB604F /* ViewController.swift */; };
		249196D11DA8CDEF00DB604F /* Main.storyboard in Resources */ = {isa = PBXBuildFile; fileRef = 249196CF1DA8CDEF00DB604F /* Main.storyboard */; };
		249196D31DA8CDEF00DB604F /* Assets.xcassets in Resources */ = {isa = PBXBuildFile; fileRef = 249196D21DA8CDEF00DB604F /* Assets.xcassets */; };
		249196D61DA8CDEF00DB604F /* LaunchScreen.storyboard in Resources */ = {isa = PBXBuildFile; fileRef = 249196D41DA8CDEF00DB604F /* LaunchScreen.storyboard */; };
		249196DE1DA8E3AC00DB604F /* DemoViewController.swift in Sources */ = {isa = PBXBuildFile; fileRef = 249196DD1DA8E3AC00DB604F /* DemoViewController.swift */; };
		24B9E9BA1DAD0EDE00599AB8 /* Demo2ViewController.swift in Sources */ = {isa = PBXBuildFile; fileRef = 24B9E9B91DAD0EDE00599AB8 /* Demo2ViewController.swift */; };
		24B9E9BC1DAD147100599AB8 /* Demo3ViewController.swift in Sources */ = {isa = PBXBuildFile; fileRef = 24B9E9BB1DAD147100599AB8 /* Demo3ViewController.swift */; };
		24B9E9BE1DAD173E00599AB8 /* BlueViewController.swift in Sources */ = {isa = PBXBuildFile; fileRef = 24B9E9BD1DAD173E00599AB8 /* BlueViewController.swift */; };
		24B9E9C01DAD190E00599AB8 /* GreenViewController.swift in Sources */ = {isa = PBXBuildFile; fileRef = 24B9E9BF1DAD190E00599AB8 /* GreenViewController.swift */; };
		24B9E9E21DAFAFE700599AB8 /* Item2ViewController.swift in Sources */ = {isa = PBXBuildFile; fileRef = 24B9E9E11DAFAFE700599AB8 /* Item2ViewController.swift */; };
		24B9E9E41DAFB03600599AB8 /* DemoMessageCell.swift in Sources */ = {isa = PBXBuildFile; fileRef = 24B9E9E31DAFB03600599AB8 /* DemoMessageCell.swift */; };
		24B9E9E61DAFB2FE00599AB8 /* Message.swift in Sources */ = {isa = PBXBuildFile; fileRef = 24B9E9E51DAFB2FE00599AB8 /* Message.swift */; };
/* End PBXBuildFile section */

/* Begin PBXFileReference section */
		249196C81DA8CDEF00DB604F /* GuessingGame.app */ = {isa = PBXFileReference; explicitFileType = wrapper.application; includeInIndex = 0; path = GuessingGame.app; sourceTree = BUILT_PRODUCTS_DIR; };
		249196CB1DA8CDEF00DB604F /* AppDelegate.swift */ = {isa = PBXFileReference; lastKnownFileType = sourcecode.swift; path = AppDelegate.swift; sourceTree = "<group>"; };
		249196CD1DA8CDEF00DB604F /* ViewController.swift */ = {isa = PBXFileReference; lastKnownFileType = sourcecode.swift; path = ViewController.swift; sourceTree = "<group>"; };
		249196D01DA8CDEF00DB604F /* Base */ = {isa = PBXFileReference; lastKnownFileType = file.storyboard; name = Base; path = Base.lproj/Main.storyboard; sourceTree = "<group>"; };
		249196D21DA8CDEF00DB604F /* Assets.xcassets */ = {isa = PBXFileReference; lastKnownFileType = folder.assetcatalog; path = Assets.xcassets; sourceTree = "<group>"; };
		249196D51DA8CDEF00DB604F /* Base */ = {isa = PBXFileReference; lastKnownFileType = file.storyboard; name = Base; path = Base.lproj/LaunchScreen.storyboard; sourceTree = "<group>"; };
		249196D71DA8CDEF00DB604F /* Info.plist */ = {isa = PBXFileReference; lastKnownFileType = text.plist.xml; path = Info.plist; sourceTree = "<group>"; };
		249196DD1DA8E3AC00DB604F /* DemoViewController.swift */ = {isa = PBXFileReference; fileEncoding = 4; lastKnownFileType = sourcecode.swift; path = DemoViewController.swift; sourceTree = "<group>"; };
		24B9E9B91DAD0EDE00599AB8 /* Demo2ViewController.swift */ = {isa = PBXFileReference; fileEncoding = 4; lastKnownFileType = sourcecode.swift; path = Demo2ViewController.swift; sourceTree = "<group>"; };
		24B9E9BB1DAD147100599AB8 /* Demo3ViewController.swift */ = {isa = PBXFileReference; fileEncoding = 4; lastKnownFileType = sourcecode.swift; path = Demo3ViewController.swift; sourceTree = "<group>"; };
		24B9E9BD1DAD173E00599AB8 /* BlueViewController.swift */ = {isa = PBXFileReference; fileEncoding = 4; lastKnownFileType = sourcecode.swift; path = BlueViewController.swift; sourceTree = "<group>"; };
		24B9E9BF1DAD190E00599AB8 /* GreenViewController.swift */ = {isa = PBXFileReference; fileEncoding = 4; lastKnownFileType = sourcecode.swift; path = GreenViewController.swift; sourceTree = "<group>"; };
		24B9E9E11DAFAFE700599AB8 /* Item2ViewController.swift */ = {isa = PBXFileReference; fileEncoding = 4; lastKnownFileType = sourcecode.swift; path = Item2ViewController.swift; sourceTree = "<group>"; };
		24B9E9E31DAFB03600599AB8 /* DemoMessageCell.swift */ = {isa = PBXFileReference; fileEncoding = 4; lastKnownFileType = sourcecode.swift; path = DemoMessageCell.swift; sourceTree = "<group>"; };
		24B9E9E51DAFB2FE00599AB8 /* Message.swift */ = {isa = PBXFileReference; fileEncoding = 4; lastKnownFileType = sourcecode.swift; path = Message.swift; sourceTree = "<group>"; };
/* End PBXFileReference section */

/* Begin PBXFrameworksBuildPhase section */
		249196C51DA8CDEF00DB604F /* Frameworks */ = {
			isa = PBXFrameworksBuildPhase;
			buildActionMask = 2147483647;
			files = (
			);
			runOnlyForDeploymentPostprocessing = 0;
		};
/* End PBXFrameworksBuildPhase section */

/* Begin PBXGroup section */
		249196BF1DA8CDEF00DB604F = {
			isa = PBXGroup;
			children = (
				249196CA1DA8CDEF00DB604F /* GuessingGame */,
				249196C91DA8CDEF00DB604F /* Products */,
			);
			sourceTree = "<group>";
		};
		249196C91DA8CDEF00DB604F /* Products */ = {
			isa = PBXGroup;
			children = (
				249196C81DA8CDEF00DB604F /* GuessingGame.app */,
			);
			name = Products;
			sourceTree = "<group>";
		};
		249196CA1DA8CDEF00DB604F /* GuessingGame */ = {
			isa = PBXGroup;
			children = (
				249196CB1DA8CDEF00DB604F /* AppDelegate.swift */,
				249196CD1DA8CDEF00DB604F /* ViewController.swift */,
				249196DD1DA8E3AC00DB604F /* DemoViewController.swift */,
				24B9E9B91DAD0EDE00599AB8 /* Demo2ViewController.swift */,
				24B9E9BB1DAD147100599AB8 /* Demo3ViewController.swift */,
				249196CF1DA8CDEF00DB604F /* Main.storyboard */,
				249196D21DA8CDEF00DB604F /* Assets.xcassets */,
				249196D41DA8CDEF00DB604F /* LaunchScreen.storyboard */,
				249196D71DA8CDEF00DB604F /* Info.plist */,
				24B9E9BD1DAD173E00599AB8 /* BlueViewController.swift */,
				24B9E9BF1DAD190E00599AB8 /* GreenViewController.swift */,
				24B9E9E11DAFAFE700599AB8 /* Item2ViewController.swift */,
				24B9E9E31DAFB03600599AB8 /* DemoMessageCell.swift */,
				24B9E9E51DAFB2FE00599AB8 /* Message.swift */,
			);
			path = GuessingGame;
			sourceTree = "<group>";
		};
/* End PBXGroup section */

/* Begin PBXNativeTarget section */
		249196C71DA8CDEF00DB604F /* GuessingGame */ = {
			isa = PBXNativeTarget;
			buildConfigurationList = 249196DA1DA8CDEF00DB604F /* Build configuration list for PBXNativeTarget "GuessingGame" */;
			buildPhases = (
				249196C41DA8CDEF00DB604F /* Sources */,
				249196C51DA8CDEF00DB604F /* Frameworks */,
				249196C61DA8CDEF00DB604F /* Resources */,
			);
			buildRules = (
			);
			dependencies = (
			);
			name = GuessingGame;
			productName = GuessingGame;
			productReference = 249196C81DA8CDEF00DB604F /* GuessingGame.app */;
			productType = "com.apple.product-type.application";
		};
/* End PBXNativeTarget section */

/* Begin PBXProject section */
		249196C01DA8CDEF00DB604F /* Project object */ = {
			isa = PBXProject;
			attributes = {
				LastSwiftUpdateCheck = 0800;
				LastUpgradeCheck = 0800;
				ORGANIZATIONNAME = "Niveum Labs";
				TargetAttributes = {
					249196C71DA8CDEF00DB604F = {
						CreatedOnToolsVersion = 8.0;
						DevelopmentTeam = X8ZFLUE894;
						ProvisioningStyle = Automatic;
					};
				};
			};
			buildConfigurationList = 249196C31DA8CDEF00DB604F /* Build configuration list for PBXProject "GuessingGame" */;
			compatibilityVersion = "Xcode 3.2";
			developmentRegion = English;
			hasScannedForEncodings = 0;
			knownRegions = (
				en,
				Base,
			);
			mainGroup = 249196BF1DA8CDEF00DB604F;
			productRefGroup = 249196C91DA8CDEF00DB604F /* Products */;
			projectDirPath = "";
			projectRoot = "";
			targets = (
				249196C71DA8CDEF00DB604F /* GuessingGame */,
			);
		};
/* End PBXProject section */

/* Begin PBXResourcesBuildPhase section */
		249196C61DA8CDEF00DB604F /* Resources */ = {
			isa = PBXResourcesBuildPhase;
			buildActionMask = 2147483647;
			files = (
				249196D61DA8CDEF00DB604F /* LaunchScreen.storyboard in Resources */,
				249196D31DA8CDEF00DB604F /* Assets.xcassets in Resources */,
				249196D11DA8CDEF00DB604F /* Main.storyboard in Resources */,
			);
			runOnlyForDeploymentPostprocessing = 0;
		};
/* End PBXResourcesBuildPhase section */

/* Begin PBXSourcesBuildPhase section */
		249196C41DA8CDEF00DB604F /* Sources */ = {
			isa = PBXSourcesBuildPhase;
			buildActionMask = 2147483647;
			files = (
				249196DE1DA8E3AC00DB604F /* DemoViewController.swift in Sources */,
				249196CE1DA8CDEF00DB604F /* ViewController.swift in Sources */,
				24B9E9E41DAFB03600599AB8 /* DemoMessageCell.swift in Sources */,
				24B9E9BA1DAD0EDE00599AB8 /* Demo2ViewController.swift in Sources */,
				24B9E9BC1DAD147100599AB8 /* Demo3ViewController.swift in Sources */,
				24B9E9E21DAFAFE700599AB8 /* Item2ViewController.swift in Sources */,
				24B9E9BE1DAD173E00599AB8 /* BlueViewController.swift in Sources */,
				24B9E9E61DAFB2FE00599AB8 /* Message.swift in Sources */,
				249196CC1DA8CDEF00DB604F /* AppDelegate.swift in Sources */,
				24B9E9C01DAD190E00599AB8 /* GreenViewController.swift in Sources */,
			);
			runOnlyForDeploymentPostprocessing = 0;
		};
/* End PBXSourcesBuildPhase section */

/* Begin PBXVariantGroup section */
		249196CF1DA8CDEF00DB604F /* Main.storyboard */ = {
			isa = PBXVariantGroup;
			children = (
				249196D01DA8CDEF00DB604F /* Base */,
			);
			name = Main.storyboard;
			sourceTree = "<group>";
		};
		249196D41DA8CDEF00DB604F /* LaunchScreen.storyboard */ = {
			isa = PBXVariantGroup;
			children = (
				249196D51DA8CDEF00DB604F /* Base */,
			);
			name = LaunchScreen.storyboard;
			sourceTree = "<group>";
		};
/* End PBXVariantGroup section */

/* Begin XCBuildConfiguration section */
		249196D81DA8CDEF00DB604F /* Debug */ = {
			isa = XCBuildConfiguration;
			buildSettings = {
				ALWAYS_SEARCH_USER_PATHS = NO;
				CLANG_ANALYZER_NONNULL = YES;
				CLANG_CXX_LANGUAGE_STANDARD = "gnu++0x";
				CLANG_CXX_LIBRARY = "libc++";
				CLANG_ENABLE_MODULES = YES;
				CLANG_ENABLE_OBJC_ARC = YES;
				CLANG_WARN_BOOL_CONVERSION = YES;
				CLANG_WARN_CONSTANT_CONVERSION = YES;
				CLANG_WARN_DIRECT_OBJC_ISA_USAGE = YES_ERROR;
				CLANG_WARN_DOCUMENTATION_COMMENTS = YES;
				CLANG_WARN_EMPTY_BODY = YES;
				CLANG_WARN_ENUM_CONVERSION = YES;
				CLANG_WARN_INFINITE_RECURSION = YES;
				CLANG_WARN_INT_CONVERSION = YES;
				CLANG_WARN_OBJC_ROOT_CLASS = YES_ERROR;
				CLANG_WARN_SUSPICIOUS_MOVES = YES;
				CLANG_WARN_UNREACHABLE_CODE = YES;
				CLANG_WARN__DUPLICATE_METHOD_MATCH = YES;
				"CODE_SIGN_IDENTITY[sdk=iphoneos*]" = "iPhone Developer";
				COPY_PHASE_STRIP = NO;
				DEBUG_INFORMATION_FORMAT = dwarf;
				ENABLE_STRICT_OBJC_MSGSEND = YES;
				ENABLE_TESTABILITY = YES;
				GCC_C_LANGUAGE_STANDARD = gnu99;
				GCC_DYNAMIC_NO_PIC = NO;
				GCC_NO_COMMON_BLOCKS = YES;
				GCC_OPTIMIZATION_LEVEL = 0;
				GCC_PREPROCESSOR_DEFINITIONS = (
					"DEBUG=1",
					"$(inherited)",
				);
				GCC_WARN_64_TO_32_BIT_CONVERSION = YES;
				GCC_WARN_ABOUT_RETURN_TYPE = YES_ERROR;
				GCC_WARN_UNDECLARED_SELECTOR = YES;
				GCC_WARN_UNINITIALIZED_AUTOS = YES_AGGRESSIVE;
				GCC_WARN_UNUSED_FUNCTION = YES;
				GCC_WARN_UNUSED_VARIABLE = YES;
				IPHONEOS_DEPLOYMENT_TARGET = 10.0;
				MTL_ENABLE_DEBUG_INFO = YES;
				ONLY_ACTIVE_ARCH = YES;
				SDKROOT = iphoneos;
				SWIFT_ACTIVE_COMPILATION_CONDITIONS = DEBUG;
				SWIFT_OPTIMIZATION_LEVEL = "-Onone";
				TARGETED_DEVICE_FAMILY = "1,2";
			};
			name = Debug;
		};
		249196D91DA8CDEF00DB604F /* Release */ = {
			isa = XCBuildConfiguration;
			buildSettings = {
				ALWAYS_SEARCH_USER_PATHS = NO;
				CLANG_ANALYZER_NONNULL = YES;
				CLANG_CXX_LANGUAGE_STANDARD = "gnu++0x";
				CLANG_CXX_LIBRARY = "libc++";
				CLANG_ENABLE_MODULES = YES;
				CLANG_ENABLE_OBJC_ARC = YES;
				CLANG_WARN_BOOL_CONVERSION = YES;
				CLANG_WARN_CONSTANT_CONVERSION = YES;
				CLANG_WARN_DIRECT_OBJC_ISA_USAGE = YES_ERROR;
				CLANG_WARN_DOCUMENTATION_COMMENTS = YES;
				CLANG_WARN_EMPTY_BODY = YES;
				CLANG_WARN_ENUM_CONVERSION = YES;
				CLANG_WARN_INFINITE_RECURSION = YES;
				CLANG_WARN_INT_CONVERSION = YES;
				CLANG_WARN_OBJC_ROOT_CLASS = YES_ERROR;
				CLANG_WARN_SUSPICIOUS_MOVES = YES;
				CLANG_WARN_UNREACHABLE_CODE = YES;
				CLANG_WARN__DUPLICATE_METHOD_MATCH = YES;
				"CODE_SIGN_IDENTITY[sdk=iphoneos*]" = "iPhone Developer";
				COPY_PHASE_STRIP = NO;
				DEBUG_INFORMATION_FORMAT = "dwarf-with-dsym";
				ENABLE_NS_ASSERTIONS = NO;
				ENABLE_STRICT_OBJC_MSGSEND = YES;
				GCC_C_LANGUAGE_STANDARD = gnu99;
				GCC_NO_COMMON_BLOCKS = YES;
				GCC_WARN_64_TO_32_BIT_CONVERSION = YES;
				GCC_WARN_ABOUT_RETURN_TYPE = YES_ERROR;
				GCC_WARN_UNDECLARED_SELECTOR = YES;
				GCC_WARN_UNINITIALIZED_AUTOS = YES_AGGRESSIVE;
				GCC_WARN_UNUSED_FUNCTION = YES;
				GCC_WARN_UNUSED_VARIABLE = YES;
				IPHONEOS_DEPLOYMENT_TARGET = 10.0;
				MTL_ENABLE_DEBUG_INFO = NO;
				SDKROOT = iphoneos;
				SWIFT_OPTIMIZATION_LEVEL = "-Owholemodule";
				TARGETED_DEVICE_FAMILY = "1,2";
				VALIDATE_PRODUCT = YES;
			};
			name = Release;
		};
		249196DB1DA8CDEF00DB604F /* Debug */ = {
			isa = XCBuildConfiguration;
			buildSettings = {
				ASSETCATALOG_COMPILER_APPICON_NAME = AppIcon;
				DEVELOPMENT_TEAM = X8ZFLUE894;
				INFOPLIST_FILE = GuessingGame/Info.plist;
				LD_RUNPATH_SEARCH_PATHS = "$(inherited) @executable_path/Frameworks";
				PRODUCT_BUNDLE_IDENTIFIER = com.niveumlabs.GuessingGame;
				PRODUCT_NAME = "$(TARGET_NAME)";
				SWIFT_VERSION = 3.0;
			};
			name = Debug;
		};
		249196DC1DA8CDEF00DB604F /* Release */ = {
			isa = XCBuildConfiguration;
			buildSettings = {
				ASSETCATALOG_COMPILER_APPICON_NAME = AppIcon;
				DEVELOPMENT_TEAM = X8ZFLUE894;
				INFOPLIST_FILE = GuessingGame/Info.plist;
				LD_RUNPATH_SEARCH_PATHS = "$(inherited) @executable_path/Frameworks";
				PRODUCT_BUNDLE_IDENTIFIER = com.niveumlabs.GuessingGame;
				PRODUCT_NAME = "$(TARGET_NAME)";
				SWIFT_VERSION = 3.0;
			};
			name = Release;
		};
/* End XCBuildConfiguration section */

/* Begin XCConfigurationList section */
		249196C31DA8CDEF00DB604F /* Build configuration list for PBXProject "GuessingGame" */ = {
			isa = XCConfigurationList;
			buildConfigurations = (
				249196D81DA8CDEF00DB604F /* Debug */,
				249196D91DA8CDEF00DB604F /* Release */,
			);
			defaultConfigurationIsVisible = 0;
			defaultConfigurationName = Release;
		};
		249196DA1DA8CDEF00DB604F /* Build configuration list for PBXNativeTarget "GuessingGame" */ = {
			isa = XCConfigurationList;
			buildConfigurations = (
				249196DB1DA8CDEF00DB604F /* Debug */,
				249196DC1DA8CDEF00DB604F /* Release */,
			);
			defaultConfigurationIsVisible = 0;
			defaultConfigurationName = Release;
		};
/* End XCConfigurationList section */
	};
	rootObject = 249196C01DA8CDEF00DB604F /* Project object */;
}
